<?xml version="1.0" encoding="utf-8"?>
<Project ToolsVersion="4.0" xmlns="http://schemas.microsoft.com/developer/msbuild/2003">
  <ItemGroup>
    <Filter Include="Source Files">
      <UniqueIdentifier>{4FC737F1-C7A5-4376-A066-2A32D752A2FF}</UniqueIdentifier>
      <Extensions>cpp;c;cc;cxx;def;odl;idl;hpj;bat;asm;asmx</Extensions>
    </Filter>
    <Filter Include="Header Files">
      <UniqueIdentifier>{93995380-89BD-4b04-88EB-625FBE52EBFB}</UniqueIdentifier>
      <Extensions>h;hpp;hxx;hm;inl;inc;xsd</Extensions>
    </Filter>
    <Filter Include="Resource Files">
      <UniqueIdentifier>{67DA6AB6-F800-4c08-8B7A-83BB121AAD01}</UniqueIdentifier>
      <Extensions>rc;ico;cur;bmp;dlg;rc2;rct;bin;rgs;gif;jpg;jpeg;jpe;resx;tiff;tif;png;wav;mfcribbon-ms</Extensions>
    </Filter>
    <Filter Include="Header Files\ScriptEditor">
      <UniqueIdentifier>{2cda2498-ac34-4b9c-bc6c-8ef762ec4762}</UniqueIdentifier>
    </Filter>
  </ItemGroup>
  <ItemGroup>
    <None Include="app.ico">
      <Filter>Resource Files</Filter>
    </None>
  </ItemGroup>
  <ItemGroup>
    <ClCompile Include="UIComponents.cpp">
      <Filter>Source Files</Filter>
    </ClCompile>
    <ClCompile Include="AssemblyInfo.cpp">
      <Filter>Source Files</Filter>
    </ClCompile>
    <ClCompile Include="stdafx.cpp">
      <Filter>Source Files</Filter>
    </ClCompile>
    <ClCompile Include="TagBrowser.cpp">
      <Filter>Source Files</Filter>
    </ClCompile>
    <ClCompile Include="UseInfoList.cpp">
      <Filter>Source Files</Filter>
    </ClCompile>
    <ClCompile Include="ScriptEditorWorkspace.cpp">
      <Filter>Header Files\ScriptEditor</Filter>
    </ClCompile>
    <ClCompile Include="ScriptEditorSelectScripts.cpp">
      <Filter>Header Files\ScriptEditor</Filter>
    </ClCompile>
    <ClCompile Include="ScriptEditorScriptSync.cpp">
      <Filter>Header Files\ScriptEditor</Filter>
    </ClCompile>
    <ClCompile Include="ScriptEditorCodeSnippets.cpp">
      <Filter>Header Files\ScriptEditor</Filter>
    </ClCompile>
    <ClCompile Include="ScriptEditorPreferences.cpp">
      <Filter>Header Files\ScriptEditor</Filter>
    </ClCompile>
    <ClCompile Include="ScriptEditorRefactorForm.cpp">
      <Filter>Header Files\ScriptEditor</Filter>
    </ClCompile>
  </ItemGroup>
  <ItemGroup>
    <ClInclude Include="TagBrowser.h">
      <Filter>Header Files</Filter>
    </ClInclude>
    <ClInclude Include="UseInfoList.h">
      <Filter>Header Files</Filter>
    </ClInclude>
    <ClInclude Include="resource.h">
      <Filter>Resource Files</Filter>
    </ClInclude>
    <ClInclude Include="stdafx.h">
      <Filter>Resource Files</Filter>
    </ClInclude>
    <ClInclude Include="ScriptEditorWorkspace.h">
      <Filter>Header Files\ScriptEditor</Filter>
    </ClInclude>
    <ClInclude Include="ScriptEditorSelectScripts.h">
      <Filter>Header Files\ScriptEditor</Filter>
    </ClInclude>
    <ClInclude Include="ScriptEditorScriptSync.h">
      <Filter>Header Files\ScriptEditor</Filter>
    </ClInclude>
    <ClInclude Include="ScriptEditorCodeSnippets.h">
      <Filter>Header Files\ScriptEditor</Filter>
    </ClInclude>
    <ClInclude Include="ScriptEditorPreferences.h">
      <Filter>Header Files\ScriptEditor</Filter>
    </ClInclude>
    <ClInclude Include="ScriptEditorRefactorForm.h">
      <Filter>Header Files\ScriptEditor</Filter>
    </ClInclude>
  </ItemGroup>
  <ItemGroup>
    <ResourceCompile Include="app.rc">
      <Filter>Resource Files</Filter>
    </ResourceCompile>
  </ItemGroup>
  <ItemGroup>
    <EmbeddedResource Include="SEOptions.resx">
      <Filter>Resource Files</Filter>
    </EmbeddedResource>
    <EmbeddedResource Include="SEScriptList.resx">
      <Filter>Resource Files</Filter>
    </EmbeddedResource>
    <EmbeddedResource Include="TagBrowser.resx">
      <Filter>Resource Files</Filter>
    </EmbeddedResource>
    <EmbeddedResource Include="UseInfoList.resx">
      <Filter>Resource Files</Filter>
    </EmbeddedResource>
    <EmbeddedResource Include="SERefactorUDF.resx">
      <Filter>Resource Files</Filter>
    </EmbeddedResource>
    <EmbeddedResource Include="SERefactorDocumentScript.resx">
      <Filter>Resource Files</Filter>
    </EmbeddedResource>
    <EmbeddedResource Include="SEFindReplace.resx">
      <Filter>Resource Files</Filter>
    </EmbeddedResource>
    <EmbeddedResource Include="SESnippetManager.resx">
      <Filter>Resource Files</Filter>
    </EmbeddedResource>
    <EmbeddedResource Include="SEVariableIndex.resx">
      <Filter>Resource Files</Filter>
    </EmbeddedResource>
  </ItemGroup>
</Project>