
Microsoft Visual Studio Solution File, Format Version 11.00
# Visual Studio 2012
Project("{8BC9CEB8-8B4A-11D0-8D11-00A0C91BC942}") = "BGSEditorExtenderBase", "BGSEditorExtenderBase.vcxproj", "{414EDF4A-5930-416A-B382-216B445539DB}"
EndProject
Project("{2150E333-8FDC-42A3-9474-1A3956D46DE8}") = "[Projects]", "[Projects]", "{4BDA7013-1F38-46D0-90AB-561CE802B4BB}"
EndProject
Project("{2150E333-8FDC-42A3-9474-1A3956D46DE8}") = "[Misc]", "[Misc]", "{CA9B1814-75A5-42D5-8947-4F76A09BEDA2}"
	ProjectSection(SolutionItems) = preProject
		[Depends]\crashrpt_lang.ini = [Depends]\crashrpt_lang.ini
		Dev Journal.txt = Dev Journal.txt
	EndProjectSection
EndProject
Project("{8BC9CEB8-8B4A-11D0-8D11-00A0C91BC942}") = "[xSE Common]", "..\xSE Common\common_vc9.vcxproj", "{20C6411C-596F-4B85-BE4E-8BC91F59D8A6}"
EndProject
Global
	GlobalSection(SolutionConfigurationPlatforms) = preSolution
		Debug|Win32 = Debug|Win32
		Release|Win32 = Release|Win32
	EndGlobalSection
	GlobalSection(ProjectConfigurationPlatforms) = postSolution
		{414EDF4A-5930-416A-B382-216B445539DB}.Debug|Win32.ActiveCfg = Debug|Win32
		{414EDF4A-5930-416A-B382-216B445539DB}.Debug|Win32.Build.0 = Debug|Win32
		{414EDF4A-5930-416A-B382-216B445539DB}.Release|Win32.ActiveCfg = Release|Win32
		{414EDF4A-5930-416A-B382-216B445539DB}.Release|Win32.Build.0 = Release|Win32
		{20C6411C-596F-4B85-BE4E-8BC91F59D8A6}.Debug|Win32.ActiveCfg = Debug|Win32
		{20C6411C-596F-4B85-BE4E-8BC91F59D8A6}.Debug|Win32.Build.0 = Debug|Win32
		{20C6411C-596F-4B85-BE4E-8BC91F59D8A6}.Release|Win32.ActiveCfg = Release|Win32
		{20C6411C-596F-4B85-BE4E-8BC91F59D8A6}.Release|Win32.Build.0 = Release|Win32
	EndGlobalSection
	GlobalSection(SolutionProperties) = preSolution
		HideSolutionNode = FALSE
	EndGlobalSection
	GlobalSection(NestedProjects) = preSolution
		{20C6411C-596F-4B85-BE4E-8BC91F59D8A6} = {4BDA7013-1F38-46D0-90AB-561CE802B4BB}
	EndGlobalSection
EndGlobal
