
Microsoft Visual Studio Solution File, Format Version 10.00
# Visual Studio 2008
Project("{8BC9CEB8-8B4A-11D0-8D11-00A0C91BC942}") = "Construction Set Extender", "obse_plugin_example.vcproj", "{D4DDA734-7E93-4581-8F82-32BB738F69FE}"
EndProject
Project("{8BC9CEB8-8B4A-11D0-8D11-00A0C91BC942}") = "_Common", "..\common\common.vcproj", "{20C6411C-596F-4B85-BE4E-8BC91F59D8A6}"
EndProject
Project("{8BC9CEB8-8B4A-11D0-8D11-00A0C91BC942}") = "ScriptEditor", "ScriptEditor\ScriptEditor.vcproj", "{AA53012B-2307-47FE-B637-4A828BA77A24}"
EndProject
Project("{8BC9CEB8-8B4A-11D0-8D11-00A0C91BC942}") = "UseInfoList", "UseInfoList\UseInfoList.vcproj", "{294A2A89-2979-4C16-AE16-595C50A44F11}"
EndProject
Project("{8BC9CEB8-8B4A-11D0-8D11-00A0C91BC942}") = "BSAViewer", "BSAViewer\BSAViewer.vcproj", "{41E73AFC-9E62-4535-BC6C-C4FD9956128E}"
EndProject
Project("{8BC9CEB8-8B4A-11D0-8D11-00A0C91BC942}") = "BatchEditor", "BatchEditor\BatchEditor.vcproj", "{F215DC0C-0A95-477D-A336-1A5080AE04AD}"
EndProject
Project("{2150E333-8FDC-42A3-9474-1A3956D46DE8}") = "Misc", "Misc", "{754B623C-5C4E-4EC4-9AAC-28BED9F83C8B}"
	ProjectSection(SolutionItems) = preProject
		Dev Journal.txt = Dev Journal.txt
	EndProjectSection
EndProject
Global
	GlobalSection(SolutionConfigurationPlatforms) = preSolution
		Debug|Any CPU = Debug|Any CPU
		Debug|Mixed Platforms = Debug|Mixed Platforms
		Debug|Win32 = Debug|Win32
		Release|Any CPU = Release|Any CPU
		Release|Mixed Platforms = Release|Mixed Platforms
		Release|Win32 = Release|Win32
		shadeMe's|Any CPU = shadeMe's|Any CPU
		shadeMe's|Mixed Platforms = shadeMe's|Mixed Platforms
		shadeMe's|Win32 = shadeMe's|Win32
	EndGlobalSection
	GlobalSection(ProjectConfigurationPlatforms) = postSolution
		{D4DDA734-7E93-4581-8F82-32BB738F69FE}.Debug|Any CPU.ActiveCfg = Release|Win32
		{D4DDA734-7E93-4581-8F82-32BB738F69FE}.Debug|Mixed Platforms.ActiveCfg = Release|Win32
		{D4DDA734-7E93-4581-8F82-32BB738F69FE}.Debug|Mixed Platforms.Build.0 = Release|Win32
		{D4DDA734-7E93-4581-8F82-32BB738F69FE}.Debug|Win32.ActiveCfg = Debug|Win32
		{D4DDA734-7E93-4581-8F82-32BB738F69FE}.Debug|Win32.Build.0 = Debug|Win32
		{D4DDA734-7E93-4581-8F82-32BB738F69FE}.Release|Any CPU.ActiveCfg = Release|Win32
		{D4DDA734-7E93-4581-8F82-32BB738F69FE}.Release|Mixed Platforms.ActiveCfg = Release|Win32
		{D4DDA734-7E93-4581-8F82-32BB738F69FE}.Release|Mixed Platforms.Build.0 = Release|Win32
		{D4DDA734-7E93-4581-8F82-32BB738F69FE}.Release|Win32.ActiveCfg = Release|Win32
		{D4DDA734-7E93-4581-8F82-32BB738F69FE}.Release|Win32.Build.0 = Release|Win32
		{D4DDA734-7E93-4581-8F82-32BB738F69FE}.shadeMe's|Any CPU.ActiveCfg = Release|Win32
		{D4DDA734-7E93-4581-8F82-32BB738F69FE}.shadeMe's|Mixed Platforms.ActiveCfg = Release|Win32
		{D4DDA734-7E93-4581-8F82-32BB738F69FE}.shadeMe's|Mixed Platforms.Build.0 = Release|Win32
		{D4DDA734-7E93-4581-8F82-32BB738F69FE}.shadeMe's|Win32.ActiveCfg = Release|Win32
		{D4DDA734-7E93-4581-8F82-32BB738F69FE}.shadeMe's|Win32.Build.0 = Release|Win32
		{20C6411C-596F-4B85-BE4E-8BC91F59D8A6}.Debug|Any CPU.ActiveCfg = Debug|Win32
		{20C6411C-596F-4B85-BE4E-8BC91F59D8A6}.Debug|Mixed Platforms.ActiveCfg = Debug|Win32
		{20C6411C-596F-4B85-BE4E-8BC91F59D8A6}.Debug|Mixed Platforms.Build.0 = Debug|Win32
		{20C6411C-596F-4B85-BE4E-8BC91F59D8A6}.Debug|Win32.ActiveCfg = Release|Win32
		{20C6411C-596F-4B85-BE4E-8BC91F59D8A6}.Debug|Win32.Build.0 = Release|Win32
		{20C6411C-596F-4B85-BE4E-8BC91F59D8A6}.Release|Any CPU.ActiveCfg = Release|Win32
		{20C6411C-596F-4B85-BE4E-8BC91F59D8A6}.Release|Mixed Platforms.ActiveCfg = Release|Win32
		{20C6411C-596F-4B85-BE4E-8BC91F59D8A6}.Release|Mixed Platforms.Build.0 = Release|Win32
		{20C6411C-596F-4B85-BE4E-8BC91F59D8A6}.Release|Win32.ActiveCfg = Release|Win32
		{20C6411C-596F-4B85-BE4E-8BC91F59D8A6}.Release|Win32.Build.0 = Release|Win32
		{20C6411C-596F-4B85-BE4E-8BC91F59D8A6}.shadeMe's|Any CPU.ActiveCfg = Release|Win32
		{20C6411C-596F-4B85-BE4E-8BC91F59D8A6}.shadeMe's|Mixed Platforms.ActiveCfg = Release|Win32
		{20C6411C-596F-4B85-BE4E-8BC91F59D8A6}.shadeMe's|Mixed Platforms.Build.0 = Release|Win32
		{20C6411C-596F-4B85-BE4E-8BC91F59D8A6}.shadeMe's|Win32.ActiveCfg = Release|Win32
		{20C6411C-596F-4B85-BE4E-8BC91F59D8A6}.shadeMe's|Win32.Build.0 = Release|Win32
		{AA53012B-2307-47FE-B637-4A828BA77A24}.Debug|Any CPU.ActiveCfg = Debug|Win32
		{AA53012B-2307-47FE-B637-4A828BA77A24}.Debug|Mixed Platforms.ActiveCfg = Debug|Win32
		{AA53012B-2307-47FE-B637-4A828BA77A24}.Debug|Mixed Platforms.Build.0 = Debug|Win32
		{AA53012B-2307-47FE-B637-4A828BA77A24}.Debug|Win32.ActiveCfg = Release|Win32
		{AA53012B-2307-47FE-B637-4A828BA77A24}.Debug|Win32.Build.0 = Release|Win32
		{AA53012B-2307-47FE-B637-4A828BA77A24}.Release|Any CPU.ActiveCfg = Release|Win32
		{AA53012B-2307-47FE-B637-4A828BA77A24}.Release|Mixed Platforms.ActiveCfg = Release|Win32
		{AA53012B-2307-47FE-B637-4A828BA77A24}.Release|Mixed Platforms.Build.0 = Release|Win32
		{AA53012B-2307-47FE-B637-4A828BA77A24}.Release|Win32.ActiveCfg = Release|Win32
		{AA53012B-2307-47FE-B637-4A828BA77A24}.Release|Win32.Build.0 = Release|Win32
		{AA53012B-2307-47FE-B637-4A828BA77A24}.shadeMe's|Any CPU.ActiveCfg = shadeMe's|Win32
		{AA53012B-2307-47FE-B637-4A828BA77A24}.shadeMe's|Mixed Platforms.ActiveCfg = shadeMe's|Win32
		{AA53012B-2307-47FE-B637-4A828BA77A24}.shadeMe's|Mixed Platforms.Build.0 = shadeMe's|Win32
		{AA53012B-2307-47FE-B637-4A828BA77A24}.shadeMe's|Win32.ActiveCfg = shadeMe's|Win32
		{AA53012B-2307-47FE-B637-4A828BA77A24}.shadeMe's|Win32.Build.0 = shadeMe's|Win32
		{294A2A89-2979-4C16-AE16-595C50A44F11}.Debug|Any CPU.ActiveCfg = Debug|Win32
		{294A2A89-2979-4C16-AE16-595C50A44F11}.Debug|Mixed Platforms.ActiveCfg = Debug|Win32
		{294A2A89-2979-4C16-AE16-595C50A44F11}.Debug|Mixed Platforms.Build.0 = Debug|Win32
		{294A2A89-2979-4C16-AE16-595C50A44F11}.Debug|Win32.ActiveCfg = Release|Win32
		{294A2A89-2979-4C16-AE16-595C50A44F11}.Debug|Win32.Build.0 = Release|Win32
		{294A2A89-2979-4C16-AE16-595C50A44F11}.Release|Any CPU.ActiveCfg = Release|Win32
		{294A2A89-2979-4C16-AE16-595C50A44F11}.Release|Mixed Platforms.ActiveCfg = Release|Win32
		{294A2A89-2979-4C16-AE16-595C50A44F11}.Release|Mixed Platforms.Build.0 = Release|Win32
		{294A2A89-2979-4C16-AE16-595C50A44F11}.Release|Win32.ActiveCfg = Release|Win32
		{294A2A89-2979-4C16-AE16-595C50A44F11}.Release|Win32.Build.0 = Release|Win32
		{294A2A89-2979-4C16-AE16-595C50A44F11}.shadeMe's|Any CPU.ActiveCfg = Release|Win32
		{294A2A89-2979-4C16-AE16-595C50A44F11}.shadeMe's|Mixed Platforms.ActiveCfg = Release|Win32
		{294A2A89-2979-4C16-AE16-595C50A44F11}.shadeMe's|Mixed Platforms.Build.0 = Release|Win32
		{294A2A89-2979-4C16-AE16-595C50A44F11}.shadeMe's|Win32.ActiveCfg = Release|Win32
		{294A2A89-2979-4C16-AE16-595C50A44F11}.shadeMe's|Win32.Build.0 = Release|Win32
		{41E73AFC-9E62-4535-BC6C-C4FD9956128E}.Debug|Any CPU.ActiveCfg = Debug|Win32
		{41E73AFC-9E62-4535-BC6C-C4FD9956128E}.Debug|Mixed Platforms.ActiveCfg = Debug|Win32
		{41E73AFC-9E62-4535-BC6C-C4FD9956128E}.Debug|Mixed Platforms.Build.0 = Debug|Win32
		{41E73AFC-9E62-4535-BC6C-C4FD9956128E}.Debug|Win32.ActiveCfg = Release|Win32
		{41E73AFC-9E62-4535-BC6C-C4FD9956128E}.Debug|Win32.Build.0 = Release|Win32
		{41E73AFC-9E62-4535-BC6C-C4FD9956128E}.Release|Any CPU.ActiveCfg = Release|Win32
		{41E73AFC-9E62-4535-BC6C-C4FD9956128E}.Release|Mixed Platforms.ActiveCfg = Release|Win32
		{41E73AFC-9E62-4535-BC6C-C4FD9956128E}.Release|Mixed Platforms.Build.0 = Release|Win32
		{41E73AFC-9E62-4535-BC6C-C4FD9956128E}.Release|Win32.ActiveCfg = Release|Win32
		{41E73AFC-9E62-4535-BC6C-C4FD9956128E}.Release|Win32.Build.0 = Release|Win32
		{41E73AFC-9E62-4535-BC6C-C4FD9956128E}.shadeMe's|Any CPU.ActiveCfg = Release|Win32
		{41E73AFC-9E62-4535-BC6C-C4FD9956128E}.shadeMe's|Mixed Platforms.ActiveCfg = Release|Win32
		{41E73AFC-9E62-4535-BC6C-C4FD9956128E}.shadeMe's|Mixed Platforms.Build.0 = Release|Win32
		{41E73AFC-9E62-4535-BC6C-C4FD9956128E}.shadeMe's|Win32.ActiveCfg = Release|Win32
		{41E73AFC-9E62-4535-BC6C-C4FD9956128E}.shadeMe's|Win32.Build.0 = Release|Win32
		{F215DC0C-0A95-477D-A336-1A5080AE04AD}.Debug|Any CPU.ActiveCfg = Debug|Win32
		{F215DC0C-0A95-477D-A336-1A5080AE04AD}.Debug|Mixed Platforms.ActiveCfg = Debug|Win32
		{F215DC0C-0A95-477D-A336-1A5080AE04AD}.Debug|Mixed Platforms.Build.0 = Debug|Win32
		{F215DC0C-0A95-477D-A336-1A5080AE04AD}.Debug|Win32.ActiveCfg = Release|Win32
		{F215DC0C-0A95-477D-A336-1A5080AE04AD}.Debug|Win32.Build.0 = Release|Win32
		{F215DC0C-0A95-477D-A336-1A5080AE04AD}.Release|Any CPU.ActiveCfg = Release|Win32
		{F215DC0C-0A95-477D-A336-1A5080AE04AD}.Release|Mixed Platforms.ActiveCfg = Release|Win32
		{F215DC0C-0A95-477D-A336-1A5080AE04AD}.Release|Mixed Platforms.Build.0 = Release|Win32
		{F215DC0C-0A95-477D-A336-1A5080AE04AD}.Release|Win32.ActiveCfg = Release|Win32
		{F215DC0C-0A95-477D-A336-1A5080AE04AD}.Release|Win32.Build.0 = Release|Win32
		{F215DC0C-0A95-477D-A336-1A5080AE04AD}.shadeMe's|Any CPU.ActiveCfg = Release|Win32
		{F215DC0C-0A95-477D-A336-1A5080AE04AD}.shadeMe's|Mixed Platforms.ActiveCfg = Release|Win32
		{F215DC0C-0A95-477D-A336-1A5080AE04AD}.shadeMe's|Mixed Platforms.Build.0 = Release|Win32
		{F215DC0C-0A95-477D-A336-1A5080AE04AD}.shadeMe's|Win32.ActiveCfg = Release|Win32
		{F215DC0C-0A95-477D-A336-1A5080AE04AD}.shadeMe's|Win32.Build.0 = Release|Win32
	EndGlobalSection
	GlobalSection(SolutionProperties) = preSolution
		HideSolutionNode = FALSE
	EndGlobalSection
EndGlobal
