<?xml version="1.0" encoding="utf-8"?>
<Project ToolsVersion="4.0" xmlns="http://schemas.microsoft.com/developer/msbuild/2003">
  <ItemGroup>
    <Filter Include="Common">
      <UniqueIdentifier>{2ddc63fc-525f-4322-a79d-b33af0683d5b}</UniqueIdentifier>
    </Filter>
    <Filter Include="Resources">
      <UniqueIdentifier>{c9af0472-8cc5-442d-be3e-318ca0fc1c27}</UniqueIdentifier>
    </Filter>
    <Filter Include="Resources\Images">
      <UniqueIdentifier>{af79df12-93b4-42ef-8b54-509ae5b1e39f}</UniqueIdentifier>
    </Filter>
    <Filter Include="Interop">
      <UniqueIdentifier>{e668f968-4eea-4155-bb3e-b49bc904cd49}</UniqueIdentifier>
    </Filter>
  </ItemGroup>
  <ItemGroup>
    <ClInclude Include="BSAViewer.h" />
    <ClInclude Include="Exports.h" />
    <ClInclude Include="Prefix.h" />
    <ClInclude Include="..\..\[Common]\ComponentDLLInterface.h">
      <Filter>Interop</Filter>
    </ClInclude>
    <ClInclude Include="..\..\[Common]\IncludesCLR.h">
      <Filter>Common</Filter>
    </ClInclude>
    <ClInclude Include="..\..\[Common]\NativeWrapper.h">
      <Filter>Interop</Filter>
    </ClInclude>
    <ClInclude Include="..\..\[Common]\HandShakeStructs.h">
      <Filter>Common</Filter>
    </ClInclude>
    <ClInclude Include="..\..\[Common]\MiscUtilities.h">
      <Filter>Common</Filter>
    </ClInclude>
  </ItemGroup>
  <ItemGroup>
    <ClCompile Include="BSAViewer.cpp" />
    <ClCompile Include="Exports.cpp" />
    <ClCompile Include="..\..\[Common]\NativeWrapper.cpp">
      <Filter>Interop</Filter>
    </ClCompile>
    <ClCompile Include="..\..\[Common]\MiscUtilities.cpp">
      <Filter>Common</Filter>
    </ClCompile>
  </ItemGroup>
  <ItemGroup>
    <EmbeddedResource Include="Images.resx">
      <Filter>Resources</Filter>
    </EmbeddedResource>
    <EmbeddedResource Include="..\..\[Misc]\UIComponents\ArchiveBrowser.resx">
      <Filter>Resources</Filter>
    </EmbeddedResource>
  </ItemGroup>
  <ItemGroup>
    <ResourceCompile Include="VersionInfo.rc">
      <Filter>Resources</Filter>
    </ResourceCompile>
  </ItemGroup>
  <ItemGroup>
    <Image Include="..\..\..\..\..\..\..\Pictures\VS2019 Modern Image Library\vswin2019\FolderClosed\FolderClosed_16x.png">
      <Filter>Resources\Images</Filter>
    </Image>
    <Image Include="..\..\..\..\..\..\..\Pictures\VS2019 Modern Image Library\vswin2019\Document\Document_16x.png">
      <Filter>Resources\Images</Filter>
    </Image>
  </ItemGroup>
</Project>