<?xml version="1.0" encoding="utf-8"?>
<Project ToolsVersion="4.0" xmlns="http://schemas.microsoft.com/developer/msbuild/2003">
  <ItemGroup>
    <Filter Include="Common">
      <UniqueIdentifier>{2ddc63fc-525f-4322-a79d-b33af0683d5b}</UniqueIdentifier>
    </Filter>
    <Filter Include="Resources">
      <UniqueIdentifier>{c9af0472-8cc5-442d-be3e-318ca0fc1c27}</UniqueIdentifier>
    </Filter>
    <Filter Include="Resources\Images">
      <UniqueIdentifier>{af79df12-93b4-42ef-8b54-509ae5b1e39f}</UniqueIdentifier>
    </Filter>
    <Filter Include="Interop">
      <UniqueIdentifier>{e668f968-4eea-4155-bb3e-b49bc904cd49}</UniqueIdentifier>
    </Filter>
  </ItemGroup>
  <ItemGroup>
    <ClInclude Include="..\..\[Common]\HandShakeStructs.h">
      <Filter>Common</Filter>
    </ClInclude>
    <ClInclude Include="..\..\[Common]\MiscUtilities.h">
      <Filter>Common</Filter>
    </ClInclude>
    <ClInclude Include="BSAReader.h" />
    <ClInclude Include="BSAViewer.h" />
    <ClInclude Include="Exports.h" />
    <ClInclude Include="Prefix.h" />
    <ClInclude Include="..\..\[Common]\ComponentDLLInterface.h">
      <Filter>Interop</Filter>
    </ClInclude>
    <ClInclude Include="..\..\[Common]\IncludesCLR.h">
      <Filter>Common</Filter>
    </ClInclude>
    <ClInclude Include="..\..\[Common]\NativeWrapper.h">
      <Filter>Interop</Filter>
    </ClInclude>
  </ItemGroup>
  <ItemGroup>
    <ClCompile Include="..\..\[Common]\MiscUtilities.cpp">
      <Filter>Common</Filter>
    </ClCompile>
    <ClCompile Include="BSAReader.cpp" />
    <ClCompile Include="BSAViewer.cpp" />
    <ClCompile Include="Exports.cpp" />
    <ClCompile Include="..\..\[Common]\NativeWrapper.cpp">
      <Filter>Interop</Filter>
    </ClCompile>
  </ItemGroup>
  <ItemGroup>
    <EmbeddedResource Include="Images.resx">
      <Filter>Resources</Filter>
    </EmbeddedResource>
  </ItemGroup>
  <ItemGroup>
    <None Include="..\..\..\..\..\..\..\..\Program Files (x86)\Microsoft Visual Studio 9.0\Common7\VS2008ImageLibrary\1033\VS2008ImageLibrary\Actions\pngformat\openfolderHS.png">
      <Filter>Resources\Images</Filter>
    </None>
    <None Include="..\..\..\..\..\..\..\..\Program Files (x86)\Microsoft Visual Studio 9.0\Common7\VS2008ImageLibrary\1033\VS2008ImageLibrary\Actions\pngformat\PageUpHS.png">
      <Filter>Resources\Images</Filter>
    </None>
    <None Include="..\..\..\..\..\..\..\..\Program Files (x86)\Microsoft Visual Studio 9.0\Common7\VS2008ImageLibrary\1033\VS2008ImageLibrary\Actions\pngformat\ViewThumbnailsHS.png">
      <Filter>Resources\Images</Filter>
    </None>
    <None Include="..\..\..\..\..\..\..\..\..\Program Files (x86)\Microsoft Visual Studio 10.0\Common7\VS2010ImageLibrary\1033\VS2010ImageLibrary\Actions\png_format\Office and VS\Filter2HS.png">
      <Filter>Resources\Images</Filter>
    </None>
    <None Include="..\..\..\..\..\..\..\..\..\Program Files (x86)\Microsoft Visual Studio 10.0\Common7\VS2010ImageLibrary\1033\VS2010ImageLibrary\Objects\png_format\WinVista\1474_Tape_48x48.png">
      <Filter>Resources\Images</Filter>
    </None>
    <None Include="..\..\..\..\..\..\..\..\..\Program Files (x86)\Microsoft Visual Studio 10.0\Common7\VS2010ImageLibrary\1033\VS2010ImageLibrary\Objects\png_format\WinVista\1475_Text Balloon_48x48.png">
      <Filter>Resources\Images</Filter>
    </None>
    <None Include="..\..\..\..\..\..\..\..\..\Program Files (x86)\Microsoft Visual Studio 10.0\Common7\VS2010ImageLibrary\1033\VS2010ImageLibrary\Objects\png_format\WinVista\Connection_Manager.png">
      <Filter>Resources\Images</Filter>
    </None>
    <None Include="..\..\..\..\..\..\..\..\..\Program Files (x86)\Microsoft Visual Studio 10.0\Common7\VS2010ImageLibrary\1033\VS2010ImageLibrary\Objects\png_format\WinVista\Folder_48x48.png">
      <Filter>Resources\Images</Filter>
    </None>
    <None Include="..\..\..\..\..\..\..\..\..\Program Files (x86)\Microsoft Visual Studio 10.0\Common7\VS2010ImageLibrary\1033\VS2010ImageLibrary\Objects\png_format\WinVista\Generic_Document.png">
      <Filter>Resources\Images</Filter>
    </None>
    <None Include="..\..\..\..\..\..\..\..\..\Program Files (x86)\Microsoft Visual Studio 10.0\Common7\VS2010ImageLibrary\1033\VS2010ImageLibrary\Objects\png_format\WinVista\generic_picture.png">
      <Filter>Resources\Images</Filter>
    </None>
    <None Include="..\..\..\..\..\..\..\..\..\Program Files (x86)\Microsoft Visual Studio 10.0\Common7\VS2010ImageLibrary\1033\VS2010ImageLibrary\Objects\png_format\WinVista\Music_Note_Double_48.png">
      <Filter>Resources\Images</Filter>
    </None>
    <None Include="..\..\..\..\..\..\..\..\..\Program Files (x86)\Microsoft Visual Studio 10.0\Common7\VS2010ImageLibrary\1033\VS2010ImageLibrary\Objects\png_format\WinVista\1496_wall_48x48.png">
      <Filter>Resources\Images</Filter>
    </None>
  </ItemGroup>
  <ItemGroup>
    <ResourceCompile Include="VersionInfo.rc">
      <Filter>Resources</Filter>
    </ResourceCompile>
  </ItemGroup>
</Project>