<?xml version="1.0" encoding="utf-8"?>
<Project ToolsVersion="4.0" xmlns="http://schemas.microsoft.com/developer/msbuild/2003">
  <ItemGroup>
    <Filter Include="Resources">
      <UniqueIdentifier>{2091f64c-1048-450e-91f9-516e91e2ee98}</UniqueIdentifier>
    </Filter>
    <Filter Include="Common">
      <UniqueIdentifier>{8c6b017e-dfea-4c79-be1d-57ff71ad5d1c}</UniqueIdentifier>
    </Filter>
    <Filter Include="Components">
      <UniqueIdentifier>{c2b18af5-444f-48b9-8009-bf96da40fbec}</UniqueIdentifier>
    </Filter>
    <Filter Include="Utilities">
      <UniqueIdentifier>{0bc09888-f771-470d-a4a7-6d4055720405}</UniqueIdentifier>
    </Filter>
    <Filter Include="Interop">
      <UniqueIdentifier>{1426fe20-b175-44e5-83f7-ba6aa8abc8e0}</UniqueIdentifier>
    </Filter>
    <Filter Include="Components\TextEditors">
      <UniqueIdentifier>{bd189d1f-2e31-4f33-bab0-36d3abdaf0d9}</UniqueIdentifier>
    </Filter>
    <Filter Include="Components\TextEditors\AvalonEdit">
      <UniqueIdentifier>{6996c544-3d88-418b-8970-822abf06a6de}</UniqueIdentifier>
    </Filter>
    <Filter Include="Components\IntelliSense">
      <UniqueIdentifier>{2e85eed8-5f29-4e81-baee-d6674aa94e59}</UniqueIdentifier>
    </Filter>
    <Filter Include="Components\[REWRITE]">
      <UniqueIdentifier>{1760e6ed-10aa-475f-a518-e08871bf8bd5}</UniqueIdentifier>
    </Filter>
    <Filter Include="Resources\Icons">
      <UniqueIdentifier>{b99490d6-f992-4da0-a02e-27f5fdbe860d}</UniqueIdentifier>
    </Filter>
  </ItemGroup>
  <ItemGroup>
    <ClCompile Include="..\..\[Common]\ListViewUtilities.cpp">
      <Filter>Common</Filter>
    </ClCompile>
    <ClCompile Include="..\..\[Common]\MiscUtilities.cpp">
      <Filter>Common</Filter>
    </ClCompile>
    <ClCompile Include="Exports.cpp" />
    <ClCompile Include="RefactorTools.cpp">
      <Filter>Components</Filter>
    </ClCompile>
    <ClCompile Include="..\..\[Common]\AuxiliaryWindowsForm.cpp">
      <Filter>Common</Filter>
    </ClCompile>
    <ClCompile Include="AvalonEditComponents.cpp">
      <Filter>Components\TextEditors\AvalonEdit</Filter>
    </ClCompile>
    <ClCompile Include="AvalonEditTextEditor.cpp">
      <Filter>Components\TextEditors\AvalonEdit</Filter>
    </ClCompile>
    <ClCompile Include="AvalonEditSyntaxHighlighting.cpp">
      <Filter>Components\TextEditors\AvalonEdit</Filter>
    </ClCompile>
    <ClCompile Include="AuxiliaryTextEditor.cpp">
      <Filter>Components\TextEditors</Filter>
    </ClCompile>
    <ClCompile Include="NumberedRichTextBox.cpp">
      <Filter>Components\TextEditors</Filter>
    </ClCompile>
    <ClCompile Include="FindReplaceDialog.cpp">
      <Filter>Components</Filter>
    </ClCompile>
    <ClCompile Include="SnippetManager.cpp">
      <Filter>Components</Filter>
    </ClCompile>
    <ClCompile Include="SemanticAnalysis.cpp">
      <Filter>Components</Filter>
    </ClCompile>
    <ClCompile Include="IntelliSenseDatabase.cpp">
      <Filter>Components\IntelliSense</Filter>
    </ClCompile>
    <ClCompile Include="IntelliSenseItem.cpp">
      <Filter>Components\IntelliSense</Filter>
    </ClCompile>
    <ClCompile Include="TextEditorAdornments.cpp">
      <Filter>Components</Filter>
    </ClCompile>
    <ClCompile Include="ScriptSync.cpp">
      <Filter>Components</Filter>
    </ClCompile>
    <ClCompile Include="SelectScriptDialog.cpp">
      <Filter>Components</Filter>
    </ClCompile>
    <ClCompile Include="..\..\[Common]\NativeWrapper.cpp">
      <Filter>Interop</Filter>
    </ClCompile>
    <ClCompile Include="IntelliSenseInterfaceModel.cpp">
      <Filter>Components\IntelliSense</Filter>
    </ClCompile>
    <ClCompile Include="IntelliSenseInterfaceView.cpp">
      <Filter>Components\IntelliSense</Filter>
    </ClCompile>
    <ClCompile Include="Preferences.cpp">
      <Filter>Components</Filter>
    </ClCompile>
    <ClCompile Include="BackgroundAnalysis.cpp">
      <Filter>Components</Filter>
    </ClCompile>
    <ClCompile Include="WorkspaceModelComponents.cpp">
      <Filter>Components</Filter>
    </ClCompile>
    <ClCompile Include="WorkspaceModel.cpp">
      <Filter>Components</Filter>
    </ClCompile>
    <ClCompile Include="WorkspaceView.cpp">
      <Filter>Components</Filter>
    </ClCompile>
    <ClCompile Include="ScriptEditorViewImplComponents.cpp">
      <Filter>Components\[REWRITE]</Filter>
    </ClCompile>
    <ClCompile Include="ScriptEditorViewImpl.cpp">
      <Filter>Components\[REWRITE]</Filter>
    </ClCompile>
    <ClCompile Include="IScriptEditorModel.cpp">
      <Filter>Components\[REWRITE]</Filter>
    </ClCompile>
    <ClCompile Include="ITextEditor.cpp">
      <Filter>Components\[REWRITE]</Filter>
    </ClCompile>
    <ClCompile Include="ScriptEditorModelImpl.cpp">
      <Filter>Components\[REWRITE]</Filter>
    </ClCompile>
    <ClCompile Include="ScriptEditorModelImplComponents.cpp">
      <Filter>Components\[REWRITE]</Filter>
    </ClCompile>
    <ClCompile Include="TextEditorFactory.cpp" />
    <ClCompile Include="ScriptEditorControllerImpl.cpp">
      <Filter>Components\[REWRITE]</Filter>
    </ClCompile>
    <ClCompile Include="ScriptEditorControllerImplComponents.cpp">
      <Filter>Components\[REWRITE]</Filter>
    </ClCompile>
    <ClCompile Include="Utilities.cpp">
      <Filter>Components\[REWRITE]</Filter>
    </ClCompile>
    <ClCompile Include="ScriptPreprocessor.cpp">
      <Filter>Components</Filter>
    </ClCompile>
  </ItemGroup>
  <ItemGroup>
    <ClInclude Include="..\..\[Common]\HandShakeStructs.h">
      <Filter>Common</Filter>
    </ClInclude>
    <ClInclude Include="..\..\[Common]\ListViewUtilities.h">
      <Filter>Common</Filter>
    </ClInclude>
    <ClInclude Include="..\..\[Common]\MiscUtilities.h">
      <Filter>Common</Filter>
    </ClInclude>
    <ClInclude Include="Exports.h" />
    <ClInclude Include="Globals.h" />
    <ClInclude Include="Prefix.h" />
    <ClInclude Include="..\..\[Common]\CustomInputBox.h">
      <Filter>Utilities</Filter>
    </ClInclude>
    <ClInclude Include="RefactorTools.h">
      <Filter>Components</Filter>
    </ClInclude>
    <ClInclude Include="..\..\[Common]\ComponentDLLInterface.h">
      <Filter>Interop</Filter>
    </ClInclude>
    <ClInclude Include="..\..\[Common]\AuxiliaryWindowsForm.h">
      <Filter>Common</Filter>
    </ClInclude>
    <ClInclude Include="..\..\[Common]\IncludesCLR.h">
      <Filter>Common</Filter>
    </ClInclude>
    <ClInclude Include="AvalonEditSyntaxHighlighting.h">
      <Filter>Components\TextEditors\AvalonEdit</Filter>
    </ClInclude>
    <ClInclude Include="AvalonEditComponents.h">
      <Filter>Components\TextEditors\AvalonEdit</Filter>
    </ClInclude>
    <ClInclude Include="AvalonEditTextEditor.h">
      <Filter>Components\TextEditors\AvalonEdit</Filter>
    </ClInclude>
    <ClInclude Include="NumberedRichTextBox.h">
      <Filter>Components\TextEditors</Filter>
    </ClInclude>
    <ClInclude Include="AuxiliaryTextEditor.h">
      <Filter>Components\TextEditors</Filter>
    </ClInclude>
    <ClInclude Include="ITextEditor.h">
      <Filter>Components\TextEditors</Filter>
    </ClInclude>
    <ClInclude Include="FindReplaceDialog.h">
      <Filter>Components</Filter>
    </ClInclude>
    <ClInclude Include="SnippetManager.h">
      <Filter>Components</Filter>
    </ClInclude>
    <ClInclude Include="SemanticAnalysis.h">
      <Filter>Components</Filter>
    </ClInclude>
    <ClInclude Include="IntelliSenseDatabase.h">
      <Filter>Components\IntelliSense</Filter>
    </ClInclude>
    <ClInclude Include="IntelliSenseItem.h">
      <Filter>Components\IntelliSense</Filter>
    </ClInclude>
    <ClInclude Include="IIntelliSenseInterface.h">
      <Filter>Components\IntelliSense</Filter>
    </ClInclude>
    <ClInclude Include="TextEditorAdornments.h">
      <Filter>Components</Filter>
    </ClInclude>
    <ClInclude Include="ScriptSync.h">
      <Filter>Components</Filter>
    </ClInclude>
    <ClInclude Include="SelectScriptDialog.h">
      <Filter>Components</Filter>
    </ClInclude>
    <ClInclude Include="..\..\[Common]\NativeWrapper.h">
      <Filter>Interop</Filter>
    </ClInclude>
    <ClInclude Include="IntelliSenseInterfaceModel.h">
      <Filter>Components\IntelliSense</Filter>
    </ClInclude>
    <ClInclude Include="IntelliSenseInterfaceView.h">
      <Filter>Components\IntelliSense</Filter>
    </ClInclude>
    <ClInclude Include="Preferences.h">
      <Filter>Components</Filter>
    </ClInclude>
    <ClInclude Include="BackgroundAnalysis.h">
      <Filter>Components</Filter>
    </ClInclude>
    <ClInclude Include="WorkspaceModelComponents.h">
      <Filter>Components</Filter>
    </ClInclude>
    <ClInclude Include="WorkspaceModel.h">
      <Filter>Components</Filter>
    </ClInclude>
    <ClInclude Include="WorkspaceModelInterface.h">
      <Filter>Components</Filter>
    </ClInclude>
    <ClInclude Include="WorkspaceView.h">
      <Filter>Components</Filter>
    </ClInclude>
    <ClInclude Include="WorkspaceViewInterface.h">
      <Filter>Components</Filter>
    </ClInclude>
    <ClInclude Include="IScriptEditorView.h">
      <Filter>Components\[REWRITE]</Filter>
    </ClInclude>
    <ClInclude Include="IScriptEditorModel.h">
      <Filter>Components\[REWRITE]</Filter>
    </ClInclude>
    <ClInclude Include="ScriptEditorViewImplComponents.h">
      <Filter>Components\[REWRITE]</Filter>
    </ClInclude>
    <ClInclude Include="Macros.h">
      <Filter>Components\[REWRITE]</Filter>
    </ClInclude>
    <ClInclude Include="ScriptEditorViewImpl.h">
      <Filter>Components\[REWRITE]</Filter>
    </ClInclude>
    <ClInclude Include="ScriptEditorModelImpl.h">
      <Filter>Components\[REWRITE]</Filter>
    </ClInclude>
    <ClInclude Include="ScriptEditorModelImplComponents.h">
      <Filter>Components\[REWRITE]</Filter>
    </ClInclude>
    <ClInclude Include="TextEditorFactory.h" />
    <ClInclude Include="ScriptEditorControllerImpl.h">
      <Filter>Components\[REWRITE]</Filter>
    </ClInclude>
    <ClInclude Include="IScriptEditorController.h">
      <Filter>Components\[REWRITE]</Filter>
    </ClInclude>
    <ClInclude Include="ScriptEditorControllerImplComponents.h">
      <Filter>Components\[REWRITE]</Filter>
    </ClInclude>
    <ClInclude Include="Utilities.h">
      <Filter>Components\[REWRITE]</Filter>
    </ClInclude>
    <ClInclude Include="ScriptPreprocessor.h">
      <Filter>Components</Filter>
    </ClInclude>
  </ItemGroup>
  <ItemGroup>
    <EmbeddedResource Include="Icons.resx">
      <Filter>Resources</Filter>
    </EmbeddedResource>
    <EmbeddedResource Include="..\..\[Misc]\UIComponents\ScriptEditorCodeSnippets.resx">
      <Filter>Resources</Filter>
    </EmbeddedResource>
    <EmbeddedResource Include="..\..\[Misc]\UIComponents\ScriptEditorPreferences.resx">
      <Filter>Resources</Filter>
    </EmbeddedResource>
    <EmbeddedResource Include="..\..\[Misc]\UIComponents\ScriptEditorRefactorForm.resx">
      <Filter>Resources</Filter>
    </EmbeddedResource>
    <EmbeddedResource Include="..\..\[Misc]\UIComponents\ScriptEditorScriptSync.resx">
      <Filter>Resources</Filter>
    </EmbeddedResource>
    <EmbeddedResource Include="..\..\[Misc]\UIComponents\ScriptEditorSelectScripts.resx">
      <Filter>Resources</Filter>
    </EmbeddedResource>
    <EmbeddedResource Include="..\..\[Misc]\UIComponents\ScriptEditorWorkspace.resx">
      <Filter>Resources</Filter>
    </EmbeddedResource>
  </ItemGroup>
  <ItemGroup>
    <ResourceCompile Include="VersionInfo.rc">
      <Filter>Resources</Filter>
    </ResourceCompile>
  </ItemGroup>
  <ItemGroup>
    <Image Include="..\..\..\..\..\..\..\Pictures\VS2019 Modern Image Library\vswin2019\AddComment\AddComment_16x.png">
      <Filter>Resources\Icons</Filter>
    </Image>
    <Image Include="..\..\..\..\..\..\..\Pictures\VS2019 Modern Image Library\vswin2019\Asterisk\Asterisk_blue_16x.png">
      <Filter>Resources\Icons</Filter>
    </Image>
    <Image Include="..\..\..\..\..\..\..\Pictures\VS2019 Modern Image Library\vswin2019\Attach\Attach_16x.png">
      <Filter>Resources\Icons</Filter>
    </Image>
    <Image Include="..\..\..\..\..\..\..\Pictures\VS2019 Modern Image Library\vswin2019\Backwards\Backwards_16x.png">
      <Filter>Resources\Icons</Filter>
    </Image>
    <Image Include="..\..\..\..\..\..\..\Pictures\VS2019 Modern Image Library\vswin2019\Bookmark\Bookmark_16x.png">
      <Filter>Resources\Icons</Filter>
    </Image>
    <Image Include="..\..\..\..\..\..\..\Pictures\VS2019 Modern Image Library\vswin2019\BookmarkMainMenuItem\BookmarkMainMenuItem_16x.png">
      <Filter>Resources\Icons</Filter>
    </Image>
    <Image Include="..\..\..\..\..\..\..\Pictures\VS2019 Modern Image Library\vswin2019\BuildErrorList\BuildErrorList_16x.png">
      <Filter>Resources\Icons</Filter>
    </Image>
    <Image Include="..\..\..\..\..\..\..\Pictures\VS2019 Modern Image Library\vswin2019\Class\Class_16x.png">
      <Filter>Resources\Icons</Filter>
    </Image>
    <Image Include="..\..\..\..\..\..\..\Pictures\VS2019 Modern Image Library\vswin2019\CodeReviewDashboard\CodeReviewDashboard_16x.png">
      <Filter>Resources\Icons</Filter>
    </Image>
    <Image Include="..\..\..\..\..\..\..\Pictures\VS2019 Modern Image Library\vswin2019\CommentCode\CommentCode_16x.png">
      <Filter>Resources\Icons</Filter>
    </Image>
    <Image Include="..\..\..\..\..\..\..\Pictures\VS2019 Modern Image Library\vswin2019\Compile\Compile_16x.png">
      <Filter>Resources\Icons</Filter>
    </Image>
    <Image Include="..\..\..\..\..\..\..\Pictures\VS2019 Modern Image Library\vswin2019\ConditionalLoop\ConditionalLoop_16x.png">
      <Filter>Resources\Icons</Filter>
    </Image>
    <Image Include="..\..\..\..\..\..\..\Pictures\VS2019 Modern Image Library\vswin2019\ConditionalRule\ConditionalRule_16x.png">
      <Filter>Resources\Icons</Filter>
    </Image>
    <Image Include="..\..\..\..\..\..\..\Pictures\VS2019 Modern Image Library\vswin2019\ConditionalRuleIfThen\ConditionalRuleIfThen_16x.png">
      <Filter>Resources\Icons</Filter>
    </Image>
    <Image Include="..\..\..\..\..\..\..\Pictures\VS2019 Modern Image Library\vswin2019\ConfigureDatabaseWizard\ConfigureDatabaseWizard_16x.png">
      <Filter>Resources\Icons</Filter>
    </Image>
    <Image Include="..\..\..\..\..\..\..\Pictures\VS2019 Modern Image Library\vswin2019\Copy\Copy_16x.png">
      <Filter>Resources\Icons</Filter>
    </Image>
    <Image Include="..\..\..\..\..\..\..\Pictures\VS2019 Modern Image Library\vswin2019\DecisionNode\DecisionNode_16x.png">
      <Filter>Resources\Icons</Filter>
    </Image>
    <Image Include="..\..\..\..\..\..\..\Pictures\VS2019 Modern Image Library\vswin2019\Edit\Edit_16x.png">
      <Filter>Resources\Icons</Filter>
    </Image>
    <Image Include="..\..\..\..\..\..\..\Pictures\VS2019 Modern Image Library\vswin2019\EncapsulateField\EncapsulateField_16x.png">
      <Filter>Resources\Icons</Filter>
    </Image>
    <Image Include="..\..\..\..\..\..\..\Pictures\VS2019 Modern Image Library\vswin2019\Event\Event_16x.png">
      <Filter>Resources\Icons</Filter>
    </Image>
    <Image Include="..\..\..\..\..\..\..\Pictures\VS2019 Modern Image Library\vswin2019\EventAdded\EventAdded_16x.png">
      <Filter>Resources\Icons</Filter>
    </Image>
    <Image Include="..\..\..\..\..\..\..\Pictures\VS2019 Modern Image Library\vswin2019\Field\Field_16x.png">
      <Filter>Resources\Icons</Filter>
    </Image>
    <Image Include="..\..\..\..\..\..\..\Pictures\VS2019 Modern Image Library\vswin2019\FieldAdded\FieldAdded_16x.png">
      <Filter>Resources\Icons</Filter>
    </Image>
    <Image Include="..\..\..\..\..\..\..\Pictures\VS2019 Modern Image Library\vswin2019\Forwards\Forwards_16x.png">
      <Filter>Resources\Icons</Filter>
    </Image>
    <Image Include="..\..\..\..\..\..\..\Pictures\VS2019 Modern Image Library\vswin2019\GoToDefinition\GoToDefinition_16x.png">
      <Filter>Resources\Icons</Filter>
    </Image>
    <Image Include="..\..\..\..\..\..\..\Pictures\VS2019 Modern Image Library\vswin2019\GoToNextUncovered\GoToNextUncovered_16x.png">
      <Filter>Resources\Icons</Filter>
    </Image>
    <Image Include="..\..\..\..\..\..\..\Pictures\VS2019 Modern Image Library\vswin2019\GoToSourceCode\GoToSourceCode_16x.png">
      <Filter>Resources\Icons</Filter>
    </Image>
    <Image Include="..\..\..\..\..\..\..\Pictures\VS2019 Modern Image Library\vswin2019\GraphBottomToTop\GraphBottomToTop_16x.png">
      <Filter>Resources\Icons</Filter>
    </Image>
    <Image Include="..\..\..\..\..\..\..\Pictures\VS2019 Modern Image Library\vswin2019\HistoryTable\HistoryTable_16x.png">
      <Filter>Resources\Icons</Filter>
    </Image>
    <Image Include="..\..\..\..\..\..\..\Pictures\VS2019 Modern Image Library\vswin2019\ItemUpdatedAssociation\ItemUpdatedAssociation_16x.png">
      <Filter>Resources\Icons</Filter>
    </Image>
    <Image Include="..\..\..\..\..\..\..\Pictures\VS2019 Modern Image Library\vswin2019\LocalRegisters\LocalRegisters_16x.png">
      <Filter>Resources\Icons</Filter>
    </Image>
    <Image Include="..\..\..\..\..\..\..\Pictures\VS2019 Modern Image Library\vswin2019\LocalVariable\LocalVariable_16x.png">
      <Filter>Resources\Icons</Filter>
    </Image>
    <Image Include="..\..\..\..\..\..\..\Pictures\VS2019 Modern Image Library\vswin2019\Loop\Loop_16x.png">
      <Filter>Resources\Icons</Filter>
    </Image>
    <Image Include="..\..\..\..\..\..\..\Pictures\VS2019 Modern Image Library\vswin2019\MessageQueue\MessageQueue_16x.png">
      <Filter>Resources\Icons</Filter>
    </Image>
    <Image Include="..\..\..\..\..\..\..\Pictures\VS2019 Modern Image Library\vswin2019\Method\Method_16x.png">
      <Filter>Resources\Icons</Filter>
    </Image>
    <Image Include="..\..\..\..\..\..\..\Pictures\VS2019 Modern Image Library\vswin2019\NestedTreeView\NestedTreeView_16x.png">
      <Filter>Resources\Icons</Filter>
    </Image>
    <Image Include="..\..\..\..\..\..\..\Pictures\VS2019 Modern Image Library\vswin2019\NewFile\NewFile_16x.png">
      <Filter>Resources\Icons</Filter>
    </Image>
    <Image Include="..\..\..\..\..\..\..\Pictures\VS2019 Modern Image Library\vswin2019\Next\Next_16x.png">
      <Filter>Resources\Icons</Filter>
    </Image>
    <Image Include="..\..\..\..\..\..\..\Pictures\VS2019 Modern Image Library\vswin2019\Object\Object_16x.png">
      <Filter>Resources\Icons</Filter>
    </Image>
    <Image Include="..\..\..\..\..\..\..\Pictures\VS2019 Modern Image Library\vswin2019\ObjectFile\ObjectFile_16x.png">
      <Filter>Resources\Icons</Filter>
    </Image>
    <Image Include="..\..\..\..\..\..\..\Pictures\VS2019 Modern Image Library\vswin2019\OpenfileDialog\OpenfileDialog_16x.png">
      <Filter>Resources\Icons</Filter>
    </Image>
    <Image Include="..\..\..\..\..\..\..\Pictures\VS2019 Modern Image Library\vswin2019\OpenFolder\OpenFolder_16x.png">
      <Filter>Resources\Icons</Filter>
    </Image>
    <Image Include="..\..\..\..\..\..\..\Pictures\VS2019 Modern Image Library\vswin2019\OrderedList\OrderedList_16x.png">
      <Filter>Resources\Icons</Filter>
    </Image>
    <Image Include="..\..\..\..\..\..\..\Pictures\VS2019 Modern Image Library\vswin2019\Paste\Paste_16x.png">
      <Filter>Resources\Icons</Filter>
    </Image>
    <Image Include="..\..\..\..\..\..\..\Pictures\VS2019 Modern Image Library\vswin2019\Previous\Previous_16x.png">
      <Filter>Resources\Icons</Filter>
    </Image>
    <Image Include="..\..\..\..\..\..\..\Pictures\VS2019 Modern Image Library\vswin2019\ProcedureSettings\ProcedureSettings_16x.png">
      <Filter>Resources\Icons</Filter>
    </Image>
    <Image Include="..\..\..\..\..\..\..\Pictures\VS2019 Modern Image Library\vswin2019\Property\Property_16x.png">
      <Filter>Resources\Icons</Filter>
    </Image>
    <Image Include="..\..\..\..\..\..\..\Pictures\VS2019 Modern Image Library\vswin2019\Refactoring\Refactoring_16x.png">
      <Filter>Resources\Icons</Filter>
    </Image>
    <Image Include="..\..\..\..\..\..\..\Pictures\VS2019 Modern Image Library\vswin2019\RegistrationScript\RegistrationScript_16x.png">
      <Filter>Resources\Icons</Filter>
    </Image>
    <Image Include="..\..\..\..\..\..\..\Pictures\VS2019 Modern Image Library\vswin2019\RenameField\RenameField_16x.png">
      <Filter>Resources\Icons</Filter>
    </Image>
    <Image Include="..\..\..\..\..\..\..\Pictures\VS2019 Modern Image Library\vswin2019\Save\Save_16x.png">
      <Filter>Resources\Icons</Filter>
    </Image>
    <Image Include="..\..\..\..\..\..\..\Pictures\VS2019 Modern Image Library\vswin2019\SaveAll\SaveAll_16x.png">
      <Filter>Resources\Icons</Filter>
    </Image>
    <Image Include="..\..\..\..\..\..\..\Pictures\VS2019 Modern Image Library\vswin2019\SaveAs\SaveAs_16x.png">
      <Filter>Resources\Icons</Filter>
    </Image>
    <Image Include="..\..\..\..\..\..\..\Pictures\VS2019 Modern Image Library\vswin2019\SaveFileDialogControl\SaveFileDialogControl_16x.png">
      <Filter>Resources\Icons</Filter>
    </Image>
    <Image Include="..\..\..\..\..\..\..\Pictures\VS2019 Modern Image Library\vswin2019\Search\Search_16x.png">
      <Filter>Resources\Icons</Filter>
    </Image>
    <Image Include="..\..\..\..\..\..\..\Pictures\VS2019 Modern Image Library\vswin2019\SearchAndApps\SearchAndApps_16x.png">
      <Filter>Resources\Icons</Filter>
    </Image>
    <Image Include="..\..\..\..\..\..\..\Pictures\VS2019 Modern Image Library\vswin2019\Select\Select_16x.png">
      <Filter>Resources\Icons</Filter>
    </Image>
    <Image Include="..\..\..\..\..\..\..\Pictures\VS2019 Modern Image Library\vswin2019\SequenceDiagram\SequenceDiagram_16x.png">
      <Filter>Resources\Icons</Filter>
    </Image>
    <Image Include="..\..\..\..\..\..\..\Pictures\VS2019 Modern Image Library\vswin2019\Settings\Settings_16x.png">
      <Filter>Resources\Icons</Filter>
    </Image>
    <Image Include="..\..\..\..\..\..\..\Pictures\VS2019 Modern Image Library\vswin2019\Snippet\Snippet_16x.png">
      <Filter>Resources\Icons</Filter>
    </Image>
    <Image Include="..\..\..\..\..\..\..\Pictures\VS2019 Modern Image Library\vswin2019\StateIndicator\StateIndicator_16x.png">
      <Filter>Resources\Icons</Filter>
    </Image>
    <Image Include="..\..\..\..\..\..\..\Pictures\VS2019 Modern Image Library\vswin2019\StatusCriticalError\StatusCriticalError_16x.png">
      <Filter>Resources\Icons</Filter>
    </Image>
    <Image Include="..\..\..\..\..\..\..\Pictures\VS2019 Modern Image Library\vswin2019\StatusInformation\StatusInformation_16x.png">
      <Filter>Resources\Icons</Filter>
    </Image>
    <Image Include="..\..\..\..\..\..\..\Pictures\VS2019 Modern Image Library\vswin2019\StatusInvalid\StatusInvalid_16x.png">
      <Filter>Resources\Icons</Filter>
    </Image>
    <Image Include="..\..\..\..\..\..\..\Pictures\VS2019 Modern Image Library\vswin2019\StatusOK\StatusOK_16x.png">
      <Filter>Resources\Icons</Filter>
    </Image>
    <Image Include="..\..\..\..\..\..\..\Pictures\VS2019 Modern Image Library\vswin2019\StatusWarning\StatusWarning_16x.png">
      <Filter>Resources\Icons</Filter>
    </Image>
    <Image Include="..\..\..\..\..\..\..\Pictures\VS2019 Modern Image Library\vswin2019\StatusWarning\StatusWarning_exp_16x.png">
      <Filter>Resources\Icons</Filter>
    </Image>
    <Image Include="..\..\..\..\..\..\..\Pictures\VS2019 Modern Image Library\vswin2019\SyncArrow\SyncArrow_16x.png">
      <Filter>Resources\Icons</Filter>
    </Image>
    <Image Include="..\..\..\..\..\..\..\Pictures\VS2019 Modern Image Library\vswin2019\SyncContent\SyncContent_16x.png">
      <Filter>Resources\Icons</Filter>
    </Image>
    <Image Include="..\..\..\..\..\..\..\Pictures\VS2019 Modern Image Library\vswin2019\TabPage\TabPage_16x.png">
      <Filter>Resources\Icons</Filter>
    </Image>
    <Image Include="Images\transparent_16.png">
      <Filter>Resources\Icons</Filter>
    </Image>
    <Image Include="..\..\..\..\..\..\..\Pictures\VS2019 Modern Image Library\vswin2019\Trash\Trash_16x.png">
      <Filter>Resources\Icons</Filter>
    </Image>
    <Image Include="..\..\..\..\..\..\..\Pictures\VS2019 Modern Image Library\vswin2019\Type\Type_16x.png">
      <Filter>Resources\Icons</Filter>
    </Image>
    <Image Include="..\..\..\..\..\..\..\Pictures\VS2019 Modern Image Library\vswin2019\WebDestination\WebDestination_16x.png">
      <Filter>Resources\Icons</Filter>
    </Image>
    <Image Include="..\..\..\..\..\..\..\Pictures\VS2019 Modern Image Library\vswin2019\WebURL\WebURL_16x.png">
      <Filter>Resources\Icons</Filter>
    </Image>
    <Image Include="..\..\..\..\..\..\..\Pictures\VS2019 Modern Image Library\vswin2019\Wizard\Wizard_16x.png">
      <Filter>Resources\Icons</Filter>
    </Image>
  </ItemGroup>
</Project>