<?xml version="1.0" encoding="utf-8"?>
<Project ToolsVersion="4.0" xmlns="http://schemas.microsoft.com/developer/msbuild/2003">
  <ItemGroup>
    <Filter Include="Resources">
      <UniqueIdentifier>{a9f7af40-6156-49e9-88ae-2717fbed67d9}</UniqueIdentifier>
    </Filter>
    <Filter Include="Utilities">
      <UniqueIdentifier>{a87e73ef-b920-47b7-b9bf-1a23413929dc}</UniqueIdentifier>
    </Filter>
  </ItemGroup>
  <ItemGroup>
    <ClInclude Include="LipSyncPipeClient.h" />
    <ClInclude Include="..\..\..\[Libraries]\SME Sundries\MemoryHandler.h">
      <Filter>Utilities</Filter>
    </ClInclude>
    <ClInclude Include="..\..\..\[Libraries]\SME Sundries\SME_Prefix.h">
      <Filter>Utilities</Filter>
    </ClInclude>
    <ClInclude Include="..\..\[Common]\OldCSInteropData.h" />
  </ItemGroup>
  <ItemGroup>
    <ClCompile Include="LipSyncPipeClient.cpp" />
    <ClCompile Include="..\..\[Common]\OldCSInteropData.cpp" />
  </ItemGroup>
  <ItemGroup>
    <ResourceCompile Include="VersionInfo.rc">
      <Filter>Resources</Filter>
    </ResourceCompile>
  </ItemGroup>
</Project>