<?xml version="1.0" encoding="utf-8"?>
<Project ToolsVersion="4.0" xmlns="http://schemas.microsoft.com/developer/msbuild/2003">
  <ItemGroup>
    <Filter Include="Common">
      <UniqueIdentifier>{58668f69-e760-4a98-b500-7264cb4fd318}</UniqueIdentifier>
    </Filter>
    <Filter Include="Resources">
      <UniqueIdentifier>{35853150-4b8f-4186-ae2f-0c704b9fdd15}</UniqueIdentifier>
    </Filter>
    <Filter Include="Wrappers">
      <UniqueIdentifier>{6e7a50cd-cbac-4dfa-9ae6-242b39476354}</UniqueIdentifier>
    </Filter>
  </ItemGroup>
  <ItemGroup>
    <ClInclude Include="..\..\..\[Common]\Includes.h">
      <Filter>Common</Filter>
    </ClInclude>
    <ClInclude Include="..\..\..\[Common]\MiscUtilities.h">
      <Filter>Common</Filter>
    </ClInclude>
    <ClInclude Include="..\..\..\[Common]\NativeWrapper.h">
      <Filter>Wrappers</Filter>
    </ClInclude>
    <ClInclude Include="ScriptPreprocessor.h" />
    <ClInclude Include="..\SemanticAnalysis.h" />
  </ItemGroup>
  <ItemGroup>
    <ClCompile Include="..\..\..\[Common]\MiscUtilities.cpp">
      <Filter>Common</Filter>
    </ClCompile>
    <ClCompile Include="..\..\..\[Common]\NativeWrapper.cpp">
      <Filter>Wrappers</Filter>
    </ClCompile>
    <ClCompile Include="ScriptPreprocessor.cpp" />
    <ClCompile Include="..\SemanticAnalysis.cpp" />
  </ItemGroup>
  <ItemGroup>
    <ResourceCompile Include="VersionInfo.rc">
      <Filter>Resources</Filter>
    </ResourceCompile>
  </ItemGroup>
</Project>