<?xml version="1.0" encoding="utf-8"?>
<Project ToolsVersion="4.0" xmlns="http://schemas.microsoft.com/developer/msbuild/2003">
  <ItemGroup>
    <Filter Include="Common">
      <UniqueIdentifier>{355ee5c0-74d0-4434-b4d6-765c74911b36}</UniqueIdentifier>
    </Filter>
    <Filter Include="Resources">
      <UniqueIdentifier>{cb348db2-021e-47af-95d4-d3fe24eb2415}</UniqueIdentifier>
    </Filter>
    <Filter Include="Interop">
      <UniqueIdentifier>{2895d666-61e9-46a8-92f2-4a715824554f}</UniqueIdentifier>
    </Filter>
  </ItemGroup>
  <ItemGroup>
    <ClInclude Include="..\..\[Common]\HandShakeStructs.h">
      <Filter>Common</Filter>
    </ClInclude>
    <ClInclude Include="..\..\[Common]\ListViewUtilities.h">
      <Filter>Common</Filter>
    </ClInclude>
    <ClInclude Include="..\..\[Common]\MiscUtilities.h">
      <Filter>Common</Filter>
    </ClInclude>
    <ClInclude Include="Exports.h" />
    <ClInclude Include="Prefix.h" />
    <ClInclude Include="UseInfoList.h" />
    <ClInclude Include="..\..\[Common]\ComponentDLLInterface.h">
      <Filter>Interop</Filter>
    </ClInclude>
    <ClInclude Include="..\..\[Common]\IncludesCLR.h">
      <Filter>Common</Filter>
    </ClInclude>
    <ClInclude Include="..\..\[Common]\NativeWrapper.h">
      <Filter>Interop</Filter>
    </ClInclude>
  </ItemGroup>
  <ItemGroup>
    <ClCompile Include="..\..\[Common]\ListViewUtilities.cpp">
      <Filter>Common</Filter>
    </ClCompile>
    <ClCompile Include="..\..\[Common]\MiscUtilities.cpp">
      <Filter>Common</Filter>
    </ClCompile>
    <ClCompile Include="Exports.cpp" />
    <ClCompile Include="UseInfoList.cpp" />
    <ClCompile Include="..\..\[Common]\NativeWrapper.cpp">
      <Filter>Interop</Filter>
    </ClCompile>
  </ItemGroup>
  <ItemGroup>
    <ResourceCompile Include="VersionInfo.rc">
      <Filter>Resources</Filter>
    </ResourceCompile>
  </ItemGroup>
</Project>